
Microsoft Visual Studio Solution File, Format Version 12.00
# Visual Studio Version 17
VisualStudioVersion = 17.14.36811.4 d17.14
MinimumVisualStudioVersion = 10.0.40219.1
Project("{FAE04EC0-301F-11D3-BF4B-00C04F79EFBC}") = "hacka-properties-service", "hacka-properties-service.csproj", "{69CF94B5-099E-4216-89C9-A5E0AC7A4C9D}"
EndProject
Global
	GlobalSection(SolutionConfigurationPlatforms) = preSolution
		Debug|Any CPU = Debug|Any CPU
		Release|Any CPU = Release|Any CPU
	EndGlobalSection
	GlobalSection(ProjectConfigurationPlatforms) = postSolution
		{69CF94B5-099E-4216-89C9-A5E0AC7A4C9D}.Debug|Any CPU.ActiveCfg = Debug|Any CPU
		{69CF94B5-099E-4216-89C9-A5E0AC7A4C9D}.Debug|Any CPU.Build.0 = Debug|Any CPU
		{69CF94B5-099E-4216-89C9-A5E0AC7A4C9D}.Release|Any CPU.ActiveCfg = Release|Any CPU
		{69CF94B5-099E-4216-89C9-A5E0AC7A4C9D}.Release|Any CPU.Build.0 = Release|Any CPU
	EndGlobalSection
	GlobalSection(SolutionProperties) = preSolution
		HideSolutionNode = FALSE
	EndGlobalSection
	GlobalSection(ExtensibilityGlobals) = postSolution
		SolutionGuid = {7D319022-6955-4BD5-925F-F25E40CE0216}
	EndGlobalSection
EndGlobal
